// !$*UTF8*$!
{
	archiveVersion = 1;
	classes = {
	};
	objectVersion = 55;
	objects = {

/* Begin PBXBuildFile section */
		BCE6F03528A2A58A0088A54E /* AppDelegate.swift in Sources */ = {isa = PBXBuildFile; fileRef = BCE6F03428A2A58A0088A54E /* AppDelegate.swift */; };
		BCE6F03728A2A58A0088A54E /* SceneDelegate.swift in Sources */ = {isa = PBXBuildFile; fileRef = BCE6F03628A2A58A0088A54E /* SceneDelegate.swift */; };
		BCE6F03928A2A58A0088A54E /* ViewController.swift in Sources */ = {isa = PBXBuildFile; fileRef = BCE6F03828A2A58A0088A54E /* ViewController.swift */; };
		BCE6F03C28A2A58A0088A54E /* Main.storyboard in Resources */ = {isa = PBXBuildFile; fileRef = BCE6F03A28A2A58A0088A54E /* Main.storyboard */; };
		BCE6F03F28A2A58A0088A54E /* MealApp.xcdatamodeld in Sources */ = {isa = PBXBuildFile; fileRef = BCE6F03D28A2A58A0088A54E /* MealApp.xcdatamodeld */; };
		BCE6F04128A2A58D0088A54E /* Assets.xcassets in Resources */ = {isa = PBXBuildFile; fileRef = BCE6F04028A2A58D0088A54E /* Assets.xcassets */; };
		BCE6F04428A2A58D0088A54E /* LaunchScreen.storyboard in Resources */ = {isa = PBXBuildFile; fileRef = BCE6F04228A2A58D0088A54E /* LaunchScreen.storyboard */; };
		BCE6F04D28A2A8760088A54E /* FoodCategoriesTableViewCell.swift in Sources */ = {isa = PBXBuildFile; fileRef = BCE6F04C28A2A8760088A54E /* FoodCategoriesTableViewCell.swift */; };
		BCE6F04F28A2AAA10088A54E /* Category.swift in Sources */ = {isa = PBXBuildFile; fileRef = BCE6F04E28A2AAA10088A54E /* Category.swift */; };
		BCE6F05528A2AFEE0088A54E /* NetworkManager.swift in Sources */ = {isa = PBXBuildFile; fileRef = BCE6F05428A2AFEE0088A54E /* NetworkManager.swift */; };
		BCEA75CF28A2C4A700208A34 /* imageExtension.swift in Sources */ = {isa = PBXBuildFile; fileRef = BCEA75CE28A2C4A700208A34 /* imageExtension.swift */; };
		BCEA75D328A2C89D00208A34 /* MealViewController.swift in Sources */ = {isa = PBXBuildFile; fileRef = BCEA75D228A2C89D00208A34 /* MealViewController.swift */; };
		BCEA75D628A2CA4100208A34 /* MealTableViewCell.swift in Sources */ = {isa = PBXBuildFile; fileRef = BCEA75D528A2CA4100208A34 /* MealTableViewCell.swift */; };
		BCEA75D828A2CCF900208A34 /* Meal.swift in Sources */ = {isa = PBXBuildFile; fileRef = BCEA75D728A2CCF900208A34 /* Meal.swift */; };
		BCEA75DA28A2D84000208A34 /* MealDetail.swift in Sources */ = {isa = PBXBuildFile; fileRef = BCEA75D928A2D84000208A34 /* MealDetail.swift */; };
		BCEA75DC28A2ED0900208A34 /* MealDetailViewController.swift in Sources */ = {isa = PBXBuildFile; fileRef = BCEA75DB28A2ED0900208A34 /* MealDetailViewController.swift */; };
		BCEA75DE28A3497B00208A34 /* NCError.swift in Sources */ = {isa = PBXBuildFile; fileRef = BCEA75DD28A3497B00208A34 /* NCError.swift */; };
		BCEA75E828A35F0600208A34 /* MealDetailExtension.swift in Sources */ = {isa = PBXBuildFile; fileRef = BCEA75E728A35F0600208A34 /* MealDetailExtension.swift */; };
/* End PBXBuildFile section */

/* Begin PBXFileReference section */
		BCE6F03128A2A58A0088A54E /* MealApp.app */ = {isa = PBXFileReference; explicitFileType = wrapper.application; includeInIndex = 0; path = MealApp.app; sourceTree = BUILT_PRODUCTS_DIR; };
		BCE6F03428A2A58A0088A54E /* AppDelegate.swift */ = {isa = PBXFileReference; lastKnownFileType = sourcecode.swift; path = AppDelegate.swift; sourceTree = "<group>"; };
		BCE6F03628A2A58A0088A54E /* SceneDelegate.swift */ = {isa = PBXFileReference; lastKnownFileType = sourcecode.swift; path = SceneDelegate.swift; sourceTree = "<group>"; };
		BCE6F03828A2A58A0088A54E /* ViewController.swift */ = {isa = PBXFileReference; lastKnownFileType = sourcecode.swift; path = ViewController.swift; sourceTree = "<group>"; };
		BCE6F03B28A2A58A0088A54E /* Base */ = {isa = PBXFileReference; lastKnownFileType = file.storyboard; name = Base; path = Base.lproj/Main.storyboard; sourceTree = "<group>"; };
		BCE6F03E28A2A58A0088A54E /* MealApp.xcdatamodel */ = {isa = PBXFileReference; lastKnownFileType = wrapper.xcdatamodel; path = MealApp.xcdatamodel; sourceTree = "<group>"; };
		BCE6F04028A2A58D0088A54E /* Assets.xcassets */ = {isa = PBXFileReference; lastKnownFileType = folder.assetcatalog; path = Assets.xcassets; sourceTree = "<group>"; };
		BCE6F04328A2A58D0088A54E /* Base */ = {isa = PBXFileReference; lastKnownFileType = file.storyboard; name = Base; path = Base.lproj/LaunchScreen.storyboard; sourceTree = "<group>"; };
		BCE6F04528A2A58D0088A54E /* Info.plist */ = {isa = PBXFileReference; lastKnownFileType = text.plist.xml; path = Info.plist; sourceTree = "<group>"; };
		BCE6F04C28A2A8760088A54E /* FoodCategoriesTableViewCell.swift */ = {isa = PBXFileReference; lastKnownFileType = sourcecode.swift; path = FoodCategoriesTableViewCell.swift; sourceTree = "<group>"; };
		BCE6F04E28A2AAA10088A54E /* Category.swift */ = {isa = PBXFileReference; lastKnownFileType = sourcecode.swift; path = Category.swift; sourceTree = "<group>"; };
		BCE6F05428A2AFEE0088A54E /* NetworkManager.swift */ = {isa = PBXFileReference; lastKnownFileType = sourcecode.swift; path = NetworkManager.swift; sourceTree = "<group>"; };
		BCEA75CE28A2C4A700208A34 /* imageExtension.swift */ = {isa = PBXFileReference; lastKnownFileType = sourcecode.swift; path = imageExtension.swift; sourceTree = "<group>"; };
		BCEA75D228A2C89D00208A34 /* MealViewController.swift */ = {isa = PBXFileReference; lastKnownFileType = sourcecode.swift; path = MealViewController.swift; sourceTree = "<group>"; };
		BCEA75D528A2CA4100208A34 /* MealTableViewCell.swift */ = {isa = PBXFileReference; lastKnownFileType = sourcecode.swift; path = MealTableViewCell.swift; sourceTree = "<group>"; };
		BCEA75D728A2CCF900208A34 /* Meal.swift */ = {isa = PBXFileReference; lastKnownFileType = sourcecode.swift; path = Meal.swift; sourceTree = "<group>"; };
		BCEA75D928A2D84000208A34 /* MealDetail.swift */ = {isa = PBXFileReference; lastKnownFileType = sourcecode.swift; path = MealDetail.swift; sourceTree = "<group>"; };
		BCEA75DB28A2ED0900208A34 /* MealDetailViewController.swift */ = {isa = PBXFileReference; lastKnownFileType = sourcecode.swift; path = MealDetailViewController.swift; sourceTree = "<group>"; };
		BCEA75DD28A3497B00208A34 /* NCError.swift */ = {isa = PBXFileReference; lastKnownFileType = sourcecode.swift; path = NCError.swift; sourceTree = "<group>"; };
		BCEA75E728A35F0600208A34 /* MealDetailExtension.swift */ = {isa = PBXFileReference; lastKnownFileType = sourcecode.swift; path = MealDetailExtension.swift; sourceTree = "<group>"; };
/* End PBXFileReference section */

/* Begin PBXFrameworksBuildPhase section */
		BCE6F02E28A2A58A0088A54E /* Frameworks */ = {
			isa = PBXFrameworksBuildPhase;
			buildActionMask = 2147483647;
			files = (
			);
			runOnlyForDeploymentPostprocessing = 0;
		};
/* End PBXFrameworksBuildPhase section */

/* Begin PBXGroup section */
		BCE6F02828A2A58A0088A54E = {
			isa = PBXGroup;
			children = (
				BCE6F03328A2A58A0088A54E /* MealApp */,
				BCE6F03228A2A58A0088A54E /* Products */,
			);
			sourceTree = "<group>";
		};
		BCE6F03228A2A58A0088A54E /* Products */ = {
			isa = PBXGroup;
			children = (
				BCE6F03128A2A58A0088A54E /* MealApp.app */,
			);
			name = Products;
			sourceTree = "<group>";
		};
		BCE6F03328A2A58A0088A54E /* MealApp */ = {
			isa = PBXGroup;
			children = (
				BCEA75E228A3549300208A34 /* Support */,
				BCEA75DF28A3542E00208A34 /* MealDetail */,
				BCEA75D428A2C8A500208A34 /* Meal */,
				BCEA75D128A2C7CC00208A34 /* FoodCategory */,
				BCEA75D028A2C55A00208A34 /* Extension */,
				BCEA75CD28A2C43500208A34 /* Network */,
				BCE6F05028A2ABCC0088A54E /* Model */,
				BCEA75E128A3546C00208A34 /* StoryBoard */,
				BCE6F04528A2A58D0088A54E /* Info.plist */,
				BCE6F03D28A2A58A0088A54E /* MealApp.xcdatamodeld */,
			);
			path = MealApp;
			sourceTree = "<group>";
		};
		BCE6F05028A2ABCC0088A54E /* Model */ = {
			isa = PBXGroup;
			children = (
				BCE6F04E28A2AAA10088A54E /* Category.swift */,
				BCEA75D728A2CCF900208A34 /* Meal.swift */,
				BCEA75D928A2D84000208A34 /* MealDetail.swift */,
			);
			path = Model;
			sourceTree = "<group>";
		};
		BCEA75CD28A2C43500208A34 /* Network */ = {
			isa = PBXGroup;
			children = (
				BCE6F05428A2AFEE0088A54E /* NetworkManager.swift */,
			);
			path = Network;
			sourceTree = "<group>";
		};
		BCEA75D028A2C55A00208A34 /* Extension */ = {
			isa = PBXGroup;
			children = (
				BCEA75CE28A2C4A700208A34 /* imageExtension.swift */,
				BCEA75DD28A3497B00208A34 /* NCError.swift */,
			);
			path = Extension;
			sourceTree = "<group>";
		};
		BCEA75D128A2C7CC00208A34 /* FoodCategory */ = {
			isa = PBXGroup;
			children = (
				BCE6F04C28A2A8760088A54E /* FoodCategoriesTableViewCell.swift */,
				BCE6F03828A2A58A0088A54E /* ViewController.swift */,
			);
			path = FoodCategory;
			sourceTree = "<group>";
		};
		BCEA75D428A2C8A500208A34 /* Meal */ = {
			isa = PBXGroup;
			children = (
				BCEA75D528A2CA4100208A34 /* MealTableViewCell.swift */,
				BCEA75D228A2C89D00208A34 /* MealViewController.swift */,
			);
			path = Meal;
			sourceTree = "<group>";
		};
		BCEA75DF28A3542E00208A34 /* MealDetail */ = {
			isa = PBXGroup;
			children = (
				BCEA75DB28A2ED0900208A34 /* MealDetailViewController.swift */,
				BCEA75E728A35F0600208A34 /* MealDetailExtension.swift */,
			);
			path = MealDetail;
			sourceTree = "<group>";
		};
		BCEA75E128A3546C00208A34 /* StoryBoard */ = {
			isa = PBXGroup;
			children = (
				BCE6F03A28A2A58A0088A54E /* Main.storyboard */,
			);
			path = StoryBoard;
			sourceTree = "<group>";
		};
		BCEA75E228A3549300208A34 /* Support */ = {
			isa = PBXGroup;
			children = (
				BCE6F04028A2A58D0088A54E /* Assets.xcassets */,
				BCE6F04228A2A58D0088A54E /* LaunchScreen.storyboard */,
				BCE6F03428A2A58A0088A54E /* AppDelegate.swift */,
				BCE6F03628A2A58A0088A54E /* SceneDelegate.swift */,
			);
			path = Support;
			sourceTree = "<group>";
		};
/* End PBXGroup section */

/* Begin PBXNativeTarget section */
		BCE6F03028A2A58A0088A54E /* MealApp */ = {
			isa = PBXNativeTarget;
			buildConfigurationList = BCE6F04828A2A58D0088A54E /* Build configuration list for PBXNativeTarget "MealApp" */;
			buildPhases = (
				BCE6F02D28A2A58A0088A54E /* Sources */,
				BCE6F02E28A2A58A0088A54E /* Frameworks */,
				BCE6F02F28A2A58A0088A54E /* Resources */,
			);
			buildRules = (
			);
			dependencies = (
			);
			name = MealApp;
			productName = MealApp;
			productReference = BCE6F03128A2A58A0088A54E /* MealApp.app */;
			productType = "com.apple.product-type.application";
		};
/* End PBXNativeTarget section */

/* Begin PBXProject section */
		BCE6F02928A2A58A0088A54E /* Project object */ = {
			isa = PBXProject;
			attributes = {
				BuildIndependentTargetsInParallel = 1;
				LastSwiftUpdateCheck = 1320;
				LastUpgradeCheck = 1320;
				TargetAttributes = {
					BCE6F03028A2A58A0088A54E = {
						CreatedOnToolsVersion = 13.2.1;
					};
				};
			};
			buildConfigurationList = BCE6F02C28A2A58A0088A54E /* Build configuration list for PBXProject "MealApp" */;
			compatibilityVersion = "Xcode 13.0";
			developmentRegion = en;
			hasScannedForEncodings = 0;
			knownRegions = (
				en,
				Base,
			);
			mainGroup = BCE6F02828A2A58A0088A54E;
			productRefGroup = BCE6F03228A2A58A0088A54E /* Products */;
			projectDirPath = "";
			projectRoot = "";
			targets = (
				BCE6F03028A2A58A0088A54E /* MealApp */,
			);
		};
/* End PBXProject section */

/* Begin PBXResourcesBuildPhase section */
		BCE6F02F28A2A58A0088A54E /* Resources */ = {
			isa = PBXResourcesBuildPhase;
			buildActionMask = 2147483647;
			files = (
				BCE6F04428A2A58D0088A54E /* LaunchScreen.storyboard in Resources */,
				BCE6F04128A2A58D0088A54E /* Assets.xcassets in Resources */,
				BCE6F03C28A2A58A0088A54E /* Main.storyboard in Resources */,
			);
			runOnlyForDeploymentPostprocessing = 0;
		};
/* End PBXResourcesBuildPhase section */

/* Begin PBXSourcesBuildPhase section */
		BCE6F02D28A2A58A0088A54E /* Sources */ = {
			isa = PBXSourcesBuildPhase;
			buildActionMask = 2147483647;
			files = (
				BCEA75D328A2C89D00208A34 /* MealViewController.swift in Sources */,
				BCE6F03F28A2A58A0088A54E /* MealApp.xcdatamodeld in Sources */,
				BCE6F03928A2A58A0088A54E /* ViewController.swift in Sources */,
				BCE6F03528A2A58A0088A54E /* AppDelegate.swift in Sources */,
				BCE6F05528A2AFEE0088A54E /* NetworkManager.swift in Sources */,
				BCE6F04D28A2A8760088A54E /* FoodCategoriesTableViewCell.swift in Sources */,
				BCEA75DC28A2ED0900208A34 /* MealDetailViewController.swift in Sources */,
				BCEA75DE28A3497B00208A34 /* NCError.swift in Sources */,
				BCEA75D628A2CA4100208A34 /* MealTableViewCell.swift in Sources */,
				BCEA75E828A35F0600208A34 /* MealDetailExtension.swift in Sources */,
				BCE6F03728A2A58A0088A54E /* SceneDelegate.swift in Sources */,
				BCE6F04F28A2AAA10088A54E /* Category.swift in Sources */,
				BCEA75DA28A2D84000208A34 /* MealDetail.swift in Sources */,
				BCEA75CF28A2C4A700208A34 /* imageExtension.swift in Sources */,
				BCEA75D828A2CCF900208A34 /* Meal.swift in Sources */,
			);
			runOnlyForDeploymentPostprocessing = 0;
		};
/* End PBXSourcesBuildPhase section */

/* Begin PBXVariantGroup section */
		BCE6F03A28A2A58A0088A54E /* Main.storyboard */ = {
			isa = PBXVariantGroup;
			children = (
				BCE6F03B28A2A58A0088A54E /* Base */,
			);
			name = Main.storyboard;
			sourceTree = "<group>";
		};
		BCE6F04228A2A58D0088A54E /* LaunchScreen.storyboard */ = {
			isa = PBXVariantGroup;
			children = (
				BCE6F04328A2A58D0088A54E /* Base */,
			);
			name = LaunchScreen.storyboard;
			sourceTree = "<group>";
		};
/* End PBXVariantGroup section */

/* Begin XCBuildConfiguration section */
		BCE6F04628A2A58D0088A54E /* Debug */ = {
			isa = XCBuildConfiguration;
			buildSettings = {
				ALWAYS_SEARCH_USER_PATHS = NO;
				CLANG_ANALYZER_NONNULL = YES;
				CLANG_ANALYZER_NUMBER_OBJECT_CONVERSION = YES_AGGRESSIVE;
				CLANG_CXX_LANGUAGE_STANDARD = "gnu++17";
				CLANG_CXX_LIBRARY = "libc++";
				CLANG_ENABLE_MODULES = YES;
				CLANG_ENABLE_OBJC_ARC = YES;
				CLANG_ENABLE_OBJC_WEAK = YES;
				CLANG_WARN_BLOCK_CAPTURE_AUTORELEASING = YES;
				CLANG_WARN_BOOL_CONVERSION = YES;
				CLANG_WARN_COMMA = YES;
				CLANG_WARN_CONSTANT_CONVERSION = YES;
				CLANG_WARN_DEPRECATED_OBJC_IMPLEMENTATIONS = YES;
				CLANG_WARN_DIRECT_OBJC_ISA_USAGE = YES_ERROR;
				CLANG_WARN_DOCUMENTATION_COMMENTS = YES;
				CLANG_WARN_EMPTY_BODY = YES;
				CLANG_WARN_ENUM_CONVERSION = YES;
				CLANG_WARN_INFINITE_RECURSION = YES;
				CLANG_WARN_INT_CONVERSION = YES;
				CLANG_WARN_NON_LITERAL_NULL_CONVERSION = YES;
				CLANG_WARN_OBJC_IMPLICIT_RETAIN_SELF = YES;
				CLANG_WARN_OBJC_LITERAL_CONVERSION = YES;
				CLANG_WARN_OBJC_ROOT_CLASS = YES_ERROR;
				CLANG_WARN_QUOTED_INCLUDE_IN_FRAMEWORK_HEADER = YES;
				CLANG_WARN_RANGE_LOOP_ANALYSIS = YES;
				CLANG_WARN_STRICT_PROTOTYPES = YES;
				CLANG_WARN_SUSPICIOUS_MOVE = YES;
				CLANG_WARN_UNGUARDED_AVAILABILITY = YES_AGGRESSIVE;
				CLANG_WARN_UNREACHABLE_CODE = YES;
				CLANG_WARN__DUPLICATE_METHOD_MATCH = YES;
				COPY_PHASE_STRIP = NO;
				DEBUG_INFORMATION_FORMAT = dwarf;
				ENABLE_STRICT_OBJC_MSGSEND = YES;
				ENABLE_TESTABILITY = YES;
				GCC_C_LANGUAGE_STANDARD = gnu11;
				GCC_DYNAMIC_NO_PIC = NO;
				GCC_NO_COMMON_BLOCKS = YES;
				GCC_OPTIMIZATION_LEVEL = 0;
				GCC_PREPROCESSOR_DEFINITIONS = (
					"DEBUG=1",
					"$(inherited)",
				);
				GCC_WARN_64_TO_32_BIT_CONVERSION = YES;
				GCC_WARN_ABOUT_RETURN_TYPE = YES_ERROR;
				GCC_WARN_UNDECLARED_SELECTOR = YES;
				GCC_WARN_UNINITIALIZED_AUTOS = YES_AGGRESSIVE;
				GCC_WARN_UNUSED_FUNCTION = YES;
				GCC_WARN_UNUSED_VARIABLE = YES;
				IPHONEOS_DEPLOYMENT_TARGET = 15.2;
				MTL_ENABLE_DEBUG_INFO = INCLUDE_SOURCE;
				MTL_FAST_MATH = YES;
				ONLY_ACTIVE_ARCH = YES;
				SDKROOT = iphoneos;
				SWIFT_ACTIVE_COMPILATION_CONDITIONS = DEBUG;
				SWIFT_OPTIMIZATION_LEVEL = "-Onone";
			};
			name = Debug;
		};
		BCE6F04728A2A58D0088A54E /* Release */ = {
			isa = XCBuildConfiguration;
			buildSettings = {
				ALWAYS_SEARCH_USER_PATHS = NO;
				CLANG_ANALYZER_NONNULL = YES;
				CLANG_ANALYZER_NUMBER_OBJECT_CONVERSION = YES_AGGRESSIVE;
				CLANG_CXX_LANGUAGE_STANDARD = "gnu++17";
				CLANG_CXX_LIBRARY = "libc++";
				CLANG_ENABLE_MODULES = YES;
				CLANG_ENABLE_OBJC_ARC = YES;
				CLANG_ENABLE_OBJC_WEAK = YES;
				CLANG_WARN_BLOCK_CAPTURE_AUTORELEASING = YES;
				CLANG_WARN_BOOL_CONVERSION = YES;
				CLANG_WARN_COMMA = YES;
				CLANG_WARN_CONSTANT_CONVERSION = YES;
				CLANG_WARN_DEPRECATED_OBJC_IMPLEMENTATIONS = YES;
				CLANG_WARN_DIRECT_OBJC_ISA_USAGE = YES_ERROR;
				CLANG_WARN_DOCUMENTATION_COMMENTS = YES;
				CLANG_WARN_EMPTY_BODY = YES;
				CLANG_WARN_ENUM_CONVERSION = YES;
				CLANG_WARN_INFINITE_RECURSION = YES;
				CLANG_WARN_INT_CONVERSION = YES;
				CLANG_WARN_NON_LITERAL_NULL_CONVERSION = YES;
				CLANG_WARN_OBJC_IMPLICIT_RETAIN_SELF = YES;
				CLANG_WARN_OBJC_LITERAL_CONVERSION = YES;
				CLANG_WARN_OBJC_ROOT_CLASS = YES_ERROR;
				CLANG_WARN_QUOTED_INCLUDE_IN_FRAMEWORK_HEADER = YES;
				CLANG_WARN_RANGE_LOOP_ANALYSIS = YES;
				CLANG_WARN_STRICT_PROTOTYPES = YES;
				CLANG_WARN_SUSPICIOUS_MOVE = YES;
				CLANG_WARN_UNGUARDED_AVAILABILITY = YES_AGGRESSIVE;
				CLANG_WARN_UNREACHABLE_CODE = YES;
				CLANG_WARN__DUPLICATE_METHOD_MATCH = YES;
				COPY_PHASE_STRIP = NO;
				DEBUG_INFORMATION_FORMAT = "dwarf-with-dsym";
				ENABLE_NS_ASSERTIONS = NO;
				ENABLE_STRICT_OBJC_MSGSEND = YES;
				GCC_C_LANGUAGE_STANDARD = gnu11;
				GCC_NO_COMMON_BLOCKS = YES;
				GCC_WARN_64_TO_32_BIT_CONVERSION = YES;
				GCC_WARN_ABOUT_RETURN_TYPE = YES_ERROR;
				GCC_WARN_UNDECLARED_SELECTOR = YES;
				GCC_WARN_UNINITIALIZED_AUTOS = YES_AGGRESSIVE;
				GCC_WARN_UNUSED_FUNCTION = YES;
				GCC_WARN_UNUSED_VARIABLE = YES;
				IPHONEOS_DEPLOYMENT_TARGET = 15.2;
				MTL_ENABLE_DEBUG_INFO = NO;
				MTL_FAST_MATH = YES;
				SDKROOT = iphoneos;
				SWIFT_COMPILATION_MODE = wholemodule;
				SWIFT_OPTIMIZATION_LEVEL = "-O";
				VALIDATE_PRODUCT = YES;
			};
			name = Release;
		};
		BCE6F04928A2A58D0088A54E /* Debug */ = {
			isa = XCBuildConfiguration;
			buildSettings = {
				ASSETCATALOG_COMPILER_APPICON_NAME = AppIcon;
				ASSETCATALOG_COMPILER_GLOBAL_ACCENT_COLOR_NAME = AccentColor;
				CODE_SIGN_STYLE = Automatic;
				CURRENT_PROJECT_VERSION = 1;
				DEVELOPMENT_TEAM = 998YMFT679;
				GENERATE_INFOPLIST_FILE = YES;
				INFOPLIST_FILE = MealApp/Info.plist;
				INFOPLIST_KEY_UIApplicationSupportsIndirectInputEvents = YES;
				INFOPLIST_KEY_UILaunchStoryboardName = LaunchScreen;
				INFOPLIST_KEY_UIMainStoryboardFile = Main;
				INFOPLIST_KEY_UISupportedInterfaceOrientations_iPad = "UIInterfaceOrientationPortrait UIInterfaceOrientationPortraitUpsideDown UIInterfaceOrientationLandscapeLeft UIInterfaceOrientationLandscapeRight";
				INFOPLIST_KEY_UISupportedInterfaceOrientations_iPhone = "UIInterfaceOrientationPortrait UIInterfaceOrientationLandscapeLeft UIInterfaceOrientationLandscapeRight";
				LD_RUNPATH_SEARCH_PATHS = (
					"$(inherited)",
					"@executable_path/Frameworks",
				);
				MARKETING_VERSION = 1.0;
				PRODUCT_BUNDLE_IDENTIFIER = "Apple-Developer-Academy.MealApp";
				PRODUCT_NAME = "$(TARGET_NAME)";
				SWIFT_EMIT_LOC_STRINGS = YES;
				SWIFT_VERSION = 5.0;
				TARGETED_DEVICE_FAMILY = "1,2";
			};
			name = Debug;
		};
		BCE6F04A28A2A58D0088A54E /* Release */ = {
			isa = XCBuildConfiguration;
			buildSettings = {
				ASSETCATALOG_COMPILER_APPICON_NAME = AppIcon;
				ASSETCATALOG_COMPILER_GLOBAL_ACCENT_COLOR_NAME = AccentColor;
				CODE_SIGN_STYLE = Automatic;
				CURRENT_PROJECT_VERSION = 1;
				DEVELOPMENT_TEAM = 998YMFT679;
				GENERATE_INFOPLIST_FILE = YES;
				INFOPLIST_FILE = MealApp/Info.plist;
				INFOPLIST_KEY_UIApplicationSupportsIndirectInputEvents = YES;
				INFOPLIST_KEY_UILaunchStoryboardName = LaunchScreen;
				INFOPLIST_KEY_UIMainStoryboardFile = Main;
				INFOPLIST_KEY_UISupportedInterfaceOrientations_iPad = "UIInterfaceOrientationPortrait UIInterfaceOrientationPortraitUpsideDown UIInterfaceOrientationLandscapeLeft UIInterfaceOrientationLandscapeRight";
				INFOPLIST_KEY_UISupportedInterfaceOrientations_iPhone = "UIInterfaceOrientationPortrait UIInterfaceOrientationLandscapeLeft UIInterfaceOrientationLandscapeRight";
				LD_RUNPATH_SEARCH_PATHS = (
					"$(inherited)",
					"@executable_path/Frameworks",
				);
				MARKETING_VERSION = 1.0;
				PRODUCT_BUNDLE_IDENTIFIER = "Apple-Developer-Academy.MealApp";
				PRODUCT_NAME = "$(TARGET_NAME)";
				SWIFT_EMIT_LOC_STRINGS = YES;
				SWIFT_VERSION = 5.0;
				TARGETED_DEVICE_FAMILY = "1,2";
			};
			name = Release;
		};
/* End XCBuildConfiguration section */

/* Begin XCConfigurationList section */
		BCE6F02C28A2A58A0088A54E /* Build configuration list for PBXProject "MealApp" */ = {
			isa = XCConfigurationList;
			buildConfigurations = (
				BCE6F04628A2A58D0088A54E /* Debug */,
				BCE6F04728A2A58D0088A54E /* Release */,
			);
			defaultConfigurationIsVisible = 0;
			defaultConfigurationName = Release;
		};
		BCE6F04828A2A58D0088A54E /* Build configuration list for PBXNativeTarget "MealApp" */ = {
			isa = XCConfigurationList;
			buildConfigurations = (
				BCE6F04928A2A58D0088A54E /* Debug */,
				BCE6F04A28A2A58D0088A54E /* Release */,
			);
			defaultConfigurationIsVisible = 0;
			defaultConfigurationName = Release;
		};
/* End XCConfigurationList section */

/* Begin XCVersionGroup section */
		BCE6F03D28A2A58A0088A54E /* MealApp.xcdatamodeld */ = {
			isa = XCVersionGroup;
			children = (
				BCE6F03E28A2A58A0088A54E /* MealApp.xcdatamodel */,
			);
			currentVersion = BCE6F03E28A2A58A0088A54E /* MealApp.xcdatamodel */;
			path = MealApp.xcdatamodeld;
			sourceTree = "<group>";
			versionGroupType = wrapper.xcdatamodel;
		};
/* End XCVersionGroup section */
	};
	rootObject = BCE6F02928A2A58A0088A54E /* Project object */;
}
